
Microsoft Visual Studio Solution File, Format Version 12.00
# Visual Studio Version 16
VisualStudioVersion = 25.0.1706.0
MinimumVisualStudioVersion = 10.0.40219.1
Project("{FAE04EC0-301F-11D3-BF4B-00C04F79EFBC}") = "JokesWeb", "JokesWeb\JokesWeb.csproj", "{DF7D6B23-647B-4B9D-AA0D-C8EDFBD57839}"
EndProject
Global
	GlobalSection(SolutionConfigurationPlatforms) = preSolution
		Debug|Any CPU = Debug|Any CPU
		Release|Any CPU = Release|Any CPU
	EndGlobalSection
	GlobalSection(ProjectConfigurationPlatforms) = postSolution
		{DF7D6B23-647B-4B9D-AA0D-C8EDFBD57839}.Debug|Any CPU.ActiveCfg = Debug|Any CPU
		{DF7D6B23-647B-4B9D-AA0D-C8EDFBD57839}.Debug|Any CPU.Build.0 = Debug|Any CPU
		{DF7D6B23-647B-4B9D-AA0D-C8EDFBD57839}.Release|Any CPU.ActiveCfg = Release|Any CPU
		{DF7D6B23-647B-4B9D-AA0D-C8EDFBD57839}.Release|Any CPU.Build.0 = Release|Any CPU
	EndGlobalSection
	GlobalSection(SolutionProperties) = preSolution
		HideSolutionNode = FALSE
	EndGlobalSection
	GlobalSection(ExtensibilityGlobals) = postSolution
		SolutionGuid = {D89F5732-B15F-4805-8CA8-545BC0B60AA6}
	EndGlobalSection
EndGlobal
